
Microsoft Visual Studio Solution File, Format Version 12.00
# Visual Studio Version 17
VisualStudioVersion = 17.1.32421.90
MinimumVisualStudioVersion = 10.0.40219.1
Project("{FAE04EC0-301F-11D3-BF4B-00C04F79EFBC}") = "SistemaAPI", "SistemaAPI\SistemaAPI.csproj", "{2E949110-081D-4D82-8BFA-25530BE696DA}"
EndProject
Global
	GlobalSection(SolutionConfigurationPlatforms) = preSolution
		Debug|Any CPU = Debug|Any CPU
		Release|Any CPU = Release|Any CPU
	EndGlobalSection
	GlobalSection(ProjectConfigurationPlatforms) = postSolution
		{2E949110-081D-4D82-8BFA-25530BE696DA}.Debug|Any CPU.ActiveCfg = Debug|Any CPU
		{2E949110-081D-4D82-8BFA-25530BE696DA}.Debug|Any CPU.Build.0 = Debug|Any CPU
		{2E949110-081D-4D82-8BFA-25530BE696DA}.Release|Any CPU.ActiveCfg = Release|Any CPU
		{2E949110-081D-4D82-8BFA-25530BE696DA}.Release|Any CPU.Build.0 = Release|Any CPU
	EndGlobalSection
	GlobalSection(SolutionProperties) = preSolution
		HideSolutionNode = FALSE
	EndGlobalSection
	GlobalSection(ExtensibilityGlobals) = postSolution
		SolutionGuid = {0A157A28-6784-4893-91AF-A9A4C7D1873E}
	EndGlobalSection
EndGlobal
